
Microsoft Visual Studio Solution File, Format Version 12.00
# Visual Studio Version 17
VisualStudioVersion = 17.0.32112.339
MinimumVisualStudioVersion = 10.0.40219.1
Project("{9A19103F-16F7-4668-BE54-9A1E7A4F7556}") = "jsreport", "src\jsreport\jsreport.csproj", "{00D7E354-EDA9-49FF-8F0E-8AB1B5E99A80}"
EndProject
Project("{9A19103F-16F7-4668-BE54-9A1E7A4F7556}") = "jsreport.tests", "src\jsreport.tests\jsreport.tests.csproj", "{3CE58D32-7D8E-412B-A452-3FD5484FBB5D}"
EndProject
Global
	GlobalSection(SolutionConfigurationPlatforms) = preSolution
		Debug|Any CPU = Debug|Any CPU
		Release|Any CPU = Release|Any CPU
	EndGlobalSection
	GlobalSection(ProjectConfigurationPlatforms) = postSolution
		{00D7E354-EDA9-49FF-8F0E-8AB1B5E99A80}.Debug|Any CPU.ActiveCfg = Debug|Any CPU
		{00D7E354-EDA9-49FF-8F0E-8AB1B5E99A80}.Debug|Any CPU.Build.0 = Debug|Any CPU
		{00D7E354-EDA9-49FF-8F0E-8AB1B5E99A80}.Release|Any CPU.ActiveCfg = Release|Any CPU
		{00D7E354-EDA9-49FF-8F0E-8AB1B5E99A80}.Release|Any CPU.Build.0 = Release|Any CPU
		{3CE58D32-7D8E-412B-A452-3FD5484FBB5D}.Debug|Any CPU.ActiveCfg = Debug|Any CPU
		{3CE58D32-7D8E-412B-A452-3FD5484FBB5D}.Debug|Any CPU.Build.0 = Debug|Any CPU
		{3CE58D32-7D8E-412B-A452-3FD5484FBB5D}.Release|Any CPU.ActiveCfg = Release|Any CPU
		{3CE58D32-7D8E-412B-A452-3FD5484FBB5D}.Release|Any CPU.Build.0 = Release|Any CPU
	EndGlobalSection
	GlobalSection(SolutionProperties) = preSolution
		HideSolutionNode = FALSE
	EndGlobalSection
	GlobalSection(ExtensibilityGlobals) = postSolution
		SolutionGuid = {7BD9DFCB-F889-4A37-8E45-EB11739774B1}
	EndGlobalSection
EndGlobal
